{
  "pins" : [
    {
      "identity" : "swift-cmark",
      "kind" : "remoteSourceControl",
      "location" : "https://github.com/apple/swift-cmark.git",
      "state" : {
        "branch" : "release/5.9",
        "revision" : "2881850be6658624d76b30040c7228d0094377e1"
      }
    },
    {
      "identity" : "swift-markdown",
      "kind" : "remoteSourceControl",
      "location" : "https://github.com/apple/swift-markdown",
      "state" : {
        "branch" : "release/5.9",
        "revision" : "15bbd521f3efd161995ed55179e9984a7d734c61"
      }
    }
  ],
  "version" : 2
}
